
Microsoft Visual Studio Solution File, Format Version 12.00
# Visual Studio Version 17
VisualStudioVersion = 17.4.33110.190
MinimumVisualStudioVersion = 10.0.40219.1
Project("{FAE04EC0-301F-11D3-BF4B-00C04F79EFBC}") = "CH 9 PP 1 - Vending Machine", "CH 9 PP 1 - Vending Machine\CH 9 PP 1 - Vending Machine.csproj", "{48CBDF28-0DFC-4FBA-B88C-5592AEBC1FB0}"
EndProject
Global
	GlobalSection(SolutionConfigurationPlatforms) = preSolution
		Debug|Any CPU = Debug|Any CPU
		Release|Any CPU = Release|Any CPU
	EndGlobalSection
	GlobalSection(ProjectConfigurationPlatforms) = postSolution
		{48CBDF28-0DFC-4FBA-B88C-5592AEBC1FB0}.Debug|Any CPU.ActiveCfg = Debug|Any CPU
		{48CBDF28-0DFC-4FBA-B88C-5592AEBC1FB0}.Debug|Any CPU.Build.0 = Debug|Any CPU
		{48CBDF28-0DFC-4FBA-B88C-5592AEBC1FB0}.Release|Any CPU.ActiveCfg = Release|Any CPU
		{48CBDF28-0DFC-4FBA-B88C-5592AEBC1FB0}.Release|Any CPU.Build.0 = Release|Any CPU
	EndGlobalSection
	GlobalSection(SolutionProperties) = preSolution
		HideSolutionNode = FALSE
	EndGlobalSection
	GlobalSection(ExtensibilityGlobals) = postSolution
		SolutionGuid = {C980BED8-638A-42B1-8305-EDB43E54B873}
	EndGlobalSection
EndGlobal
